{
  "name": "resource",
  "lockfileVersion": 2,
  "requires": true,
  "packages": {
    "": {
      "dependencies": {
        "official-lumx": "^1.9.12"
      }
    },
    "node_modules/@mdi/font": {
      "version": "4.9.95",
      "resolved": "https://registry.npmjs.org/@mdi/font/-/font-4.9.95.tgz",
      "integrity": "sha512-m2sbAs+SMwRnWpkMriBxEulwuhmqRyh6X+hdOZlqSxYZUM2C2TaDnQ4gcilzdoAgru2XYnWViZ/xPuSDGgRXVw=="
    },
    "node_modules/angular": {
      "version": "1.8.3",
      "resolved": "https://registry.npmjs.org/angular/-/angular-1.8.3.tgz",
      "integrity": "sha512-5qjkWIQQVsHj4Sb5TcEs4WZWpFeVFHXwxEBHUhrny41D8UrBAd6T/6nPPAsLngJCReIOqi95W3mxdveveutpZw==",
      "deprecated": "For the actively supported Angular, see https://www.npmjs.com/package/@angular/core. AngularJS support has officially ended. For extended AngularJS support options, see https://goo.gle/angularjs-path-forward."
    },
    "node_modules/bourbon": {
      "version": "4.2.7",
      "resolved": "https://registry.npmjs.org/bourbon/-/bourbon-4.2.7.tgz",
      "integrity": "sha512-0SPII1YFrHoY74meA4xIbPI/VQjV1GKYl8ef2WT3q4ZBxSQBE4O/yxkp5Ajr4W9kWFNOnDBjUjQLuq8Dx/edbw=="
    },
    "node_modules/jquery": {
      "version": "3.7.0",
      "resolved": "https://registry.npmjs.org/jquery/-/jquery-3.7.0.tgz",
      "integrity": "sha512-umpJ0/k8X0MvD1ds0P9SfowREz2LenHsQaxSohMZ5OMNEU2r0tf8pdeEFTHMFxWVxKNyU9rTtK3CWzUCTKJUeQ=="
    },
    "node_modules/moment": {
      "version": "2.29.4",
      "resolved": "https://registry.npmjs.org/moment/-/moment-2.29.4.tgz",
      "integrity": "sha512-5LC9SOxjSc2HF6vO2CyuTDNivEdoz2IvyJJGj6X8DJ0eFyfszE0QiEd+iXmBvUP3WHxSjFH/vIsA0EN00cgr8w==",
      "engines": {
        "node": "*"
      }
    },
    "node_modules/official-lumx": {
      "version": "1.9.12",
      "resolved": "https://registry.npmjs.org/official-lumx/-/official-lumx-1.9.12.tgz",
      "integrity": "sha512-KTzeBdVyFsmqCc2bMNoj7mAFUPOrdeAYEF+1H090RWsB8B5L7NNjtXKkQ2BVQgK7zvvCY2GcaSQcPzuQZ2mbVQ==",
      "dependencies": {
        "@mdi/font": "^4.4.95",
        "angular": "^1.5.11",
        "bourbon": "~4.2.7",
        "jquery": "latest",
        "moment": "latest",
        "sass-mq": "^3.3.2",
        "velocity-animate": "latest"
      },
      "engines": {
        "node": ">4.0.0",
        "npm": ">3"
      }
    },
    "node_modules/sass-mq": {
      "version": "3.3.2",
      "resolved": "https://registry.npmjs.org/sass-mq/-/sass-mq-3.3.2.tgz",
      "integrity": "sha512-o+9Corbwt+S8m+Ijjx6NgHvg+AEEVtLc//Tan9raIycmcUR/e45SZAaSoY6N1AG+63xoFftSPfSJDy4RWQdOjw=="
    },
    "node_modules/velocity-animate": {
      "version": "1.5.2",
      "resolved": "https://registry.npmjs.org/velocity-animate/-/velocity-animate-1.5.2.tgz",
      "integrity": "sha512-m6EXlCAMetKztO1ppBhGU1/1MR3IiEevO6ESq6rcrSQ3Q77xYSW13jkfXW88o4xMrkXJhy/U7j4wFR/twMB0Eg=="
    }
  },
  "dependencies": {
    "@mdi/font": {
      "version": "4.9.95",
      "resolved": "https://registry.npmjs.org/@mdi/font/-/font-4.9.95.tgz",
      "integrity": "sha512-m2sbAs+SMwRnWpkMriBxEulwuhmqRyh6X+hdOZlqSxYZUM2C2TaDnQ4gcilzdoAgru2XYnWViZ/xPuSDGgRXVw=="
    },
    "angular": {
      "version": "1.8.3",
      "resolved": "https://registry.npmjs.org/angular/-/angular-1.8.3.tgz",
      "integrity": "sha512-5qjkWIQQVsHj4Sb5TcEs4WZWpFeVFHXwxEBHUhrny41D8UrBAd6T/6nPPAsLngJCReIOqi95W3mxdveveutpZw=="
    },
    "bourbon": {
      "version": "4.2.7",
      "resolved": "https://registry.npmjs.org/bourbon/-/bourbon-4.2.7.tgz",
      "integrity": "sha512-0SPII1YFrHoY74meA4xIbPI/VQjV1GKYl8ef2WT3q4ZBxSQBE4O/yxkp5Ajr4W9kWFNOnDBjUjQLuq8Dx/edbw=="
    },
    "jquery": {
      "version": "3.7.0",
      "resolved": "https://registry.npmjs.org/jquery/-/jquery-3.7.0.tgz",
      "integrity": "sha512-umpJ0/k8X0MvD1ds0P9SfowREz2LenHsQaxSohMZ5OMNEU2r0tf8pdeEFTHMFxWVxKNyU9rTtK3CWzUCTKJUeQ=="
    },
    "moment": {
      "version": "2.29.4",
      "resolved": "https://registry.npmjs.org/moment/-/moment-2.29.4.tgz",
      "integrity": "sha512-5LC9SOxjSc2HF6vO2CyuTDNivEdoz2IvyJJGj6X8DJ0eFyfszE0QiEd+iXmBvUP3WHxSjFH/vIsA0EN00cgr8w=="
    },
    "official-lumx": {
      "version": "1.9.12",
      "resolved": "https://registry.npmjs.org/official-lumx/-/official-lumx-1.9.12.tgz",
      "integrity": "sha512-KTzeBdVyFsmqCc2bMNoj7mAFUPOrdeAYEF+1H090RWsB8B5L7NNjtXKkQ2BVQgK7zvvCY2GcaSQcPzuQZ2mbVQ==",
      "requires": {
        "@mdi/font": "^4.4.95",
        "angular": "^1.5.11",
        "bourbon": "~4.2.7",
        "jquery": "latest",
        "moment": "latest",
        "sass-mq": "^3.3.2",
        "velocity-animate": "latest"
      }
    },
    "sass-mq": {
      "version": "3.3.2",
      "resolved": "https://registry.npmjs.org/sass-mq/-/sass-mq-3.3.2.tgz",
      "integrity": "sha512-o+9Corbwt+S8m+Ijjx6NgHvg+AEEVtLc//Tan9raIycmcUR/e45SZAaSoY6N1AG+63xoFftSPfSJDy4RWQdOjw=="
    },
    "velocity-animate": {
      "version": "1.5.2",
      "resolved": "https://registry.npmjs.org/velocity-animate/-/velocity-animate-1.5.2.tgz",
      "integrity": "sha512-m6EXlCAMetKztO1ppBhGU1/1MR3IiEevO6ESq6rcrSQ3Q77xYSW13jkfXW88o4xMrkXJhy/U7j4wFR/twMB0Eg=="
    }
  }
}
